
Microsoft Visual Studio Solution File, Format Version 12.00
# Visual Studio Version 17
VisualStudioVersion = 17.7.34024.191
MinimumVisualStudioVersion = 10.0.40219.1
Project("{FAE04EC0-301F-11D3-BF4B-00C04F79EFBC}") = "SLAT", "SLAT\SLAT.csproj", "{A0D3D622-F0EC-48A3-A8AA-D1ECBDE1513D}"
EndProject
Project("{FAE04EC0-301F-11D3-BF4B-00C04F79EFBC}") = "SLAT.Core", "SLAT.Core\SLAT.Core.csproj", "{FBC90904-D096-4301-98CE-7C1327DA690D}"
EndProject
Global
	GlobalSection(SolutionConfigurationPlatforms) = preSolution
		Debug|Any CPU = Debug|Any CPU
		Release|Any CPU = Release|Any CPU
	EndGlobalSection
	GlobalSection(ProjectConfigurationPlatforms) = postSolution
		{A0D3D622-F0EC-48A3-A8AA-D1ECBDE1513D}.Debug|Any CPU.ActiveCfg = Debug|Any CPU
		{A0D3D622-F0EC-48A3-A8AA-D1ECBDE1513D}.Debug|Any CPU.Build.0 = Debug|Any CPU
		{A0D3D622-F0EC-48A3-A8AA-D1ECBDE1513D}.Release|Any CPU.ActiveCfg = Release|Any CPU
		{A0D3D622-F0EC-48A3-A8AA-D1ECBDE1513D}.Release|Any CPU.Build.0 = Release|Any CPU
		{FBC90904-D096-4301-98CE-7C1327DA690D}.Debug|Any CPU.ActiveCfg = Debug|Any CPU
		{FBC90904-D096-4301-98CE-7C1327DA690D}.Debug|Any CPU.Build.0 = Debug|Any CPU
		{FBC90904-D096-4301-98CE-7C1327DA690D}.Release|Any CPU.ActiveCfg = Release|Any CPU
		{FBC90904-D096-4301-98CE-7C1327DA690D}.Release|Any CPU.Build.0 = Release|Any CPU
	EndGlobalSection
	GlobalSection(SolutionProperties) = preSolution
		HideSolutionNode = FALSE
	EndGlobalSection
	GlobalSection(ExtensibilityGlobals) = postSolution
		SolutionGuid = {9579697B-4CC3-474B-A225-E1DEA2F09759}
	EndGlobalSection
EndGlobal
